
Microsoft Visual Studio Solution File, Format Version 12.00
# Visual Studio Version 16
VisualStudioVersion = 16.0.29709.97
MinimumVisualStudioVersion = 10.0.40219.1
Project("{FAE04EC0-301F-11D3-BF4B-00C04F79EFBC}") = "HelloWorldGIT", "HelloWorldGIT.csproj", "{188D2F95-4773-4747-A514-F8468E3E521D}"
EndProject
Global
	GlobalSection(SolutionConfigurationPlatforms) = preSolution
		Debug|Any CPU = Debug|Any CPU
		Release|Any CPU = Release|Any CPU
	EndGlobalSection
	GlobalSection(ProjectConfigurationPlatforms) = postSolution
		{188D2F95-4773-4747-A514-F8468E3E521D}.Debug|Any CPU.ActiveCfg = Debug|Any CPU
		{188D2F95-4773-4747-A514-F8468E3E521D}.Debug|Any CPU.Build.0 = Debug|Any CPU
		{188D2F95-4773-4747-A514-F8468E3E521D}.Release|Any CPU.ActiveCfg = Release|Any CPU
		{188D2F95-4773-4747-A514-F8468E3E521D}.Release|Any CPU.Build.0 = Release|Any CPU
	EndGlobalSection
	GlobalSection(SolutionProperties) = preSolution
		HideSolutionNode = FALSE
	EndGlobalSection
	GlobalSection(ExtensibilityGlobals) = postSolution
		SolutionGuid = {D04CE218-0077-4A45-A61E-D09C6E824167}
	EndGlobalSection
EndGlobal
